// !$*UTF8*$!
{
	archiveVersion = 1;
	classes = {
	};
	objectVersion = 55;
	objects = {

/* Begin PBXBuildFile section */
		5629D1C5279E9007004529DF /* AppDelegate.swift in Sources */ = {isa = PBXBuildFile; fileRef = 5629D1C4279E9007004529DF /* AppDelegate.swift */; };
		5629D1C7279E9007004529DF /* SceneDelegate.swift in Sources */ = {isa = PBXBuildFile; fileRef = 5629D1C6279E9007004529DF /* SceneDelegate.swift */; };
		5629D1C9279E9007004529DF /* MyPageViewController.swift in Sources */ = {isa = PBXBuildFile; fileRef = 5629D1C8279E9007004529DF /* MyPageViewController.swift */; };
		5629D1CE279E9008004529DF /* Assets.xcassets in Resources */ = {isa = PBXBuildFile; fileRef = 5629D1CD279E9008004529DF /* Assets.xcassets */; };
		5629D1D1279E9008004529DF /* LaunchScreen.storyboard in Resources */ = {isa = PBXBuildFile; fileRef = 5629D1CF279E9008004529DF /* LaunchScreen.storyboard */; };
		5629D1DF279E911D004529DF /* Coordinator.swift in Sources */ = {isa = PBXBuildFile; fileRef = 5629D1DE279E911D004529DF /* Coordinator.swift */; };
		5629D1E1279EA176004529DF /* DataTableViewCell.swift in Sources */ = {isa = PBXBuildFile; fileRef = 5629D1E0279EA176004529DF /* DataTableViewCell.swift */; };
		5629D1E3279EC2EB004529DF /* TopHeader.swift in Sources */ = {isa = PBXBuildFile; fileRef = 5629D1E2279EC2EB004529DF /* TopHeader.swift */; };
		5629D1E5279EC3A9004529DF /* DataModel.swift in Sources */ = {isa = PBXBuildFile; fileRef = 5629D1E4279EC3A9004529DF /* DataModel.swift */; };
		5629D1E7279EC3D7004529DF /* DataTableViewModel.swift in Sources */ = {isa = PBXBuildFile; fileRef = 5629D1E6279EC3D7004529DF /* DataTableViewModel.swift */; };
		5629D1EA279EC83E004529DF /* SectionType.swift in Sources */ = {isa = PBXBuildFile; fileRef = 5629D1E9279EC83E004529DF /* SectionType.swift */; };
		5629D1EC279ECD6F004529DF /* FirstSectionHeader.swift in Sources */ = {isa = PBXBuildFile; fileRef = 5629D1EB279ECD6F004529DF /* FirstSectionHeader.swift */; };
		5629D1EE279ECD81004529DF /* SecondSectionHeader.swift in Sources */ = {isa = PBXBuildFile; fileRef = 5629D1ED279ECD81004529DF /* SecondSectionHeader.swift */; };
		5629D1F3279EE74A004529DF /* image.jpg in Resources */ = {isa = PBXBuildFile; fileRef = 5629D1F2279EE74A004529DF /* image.jpg */; };
/* End PBXBuildFile section */

/* Begin PBXFileReference section */
		5629D1C1279E9007004529DF /* MyPageView.app */ = {isa = PBXFileReference; explicitFileType = wrapper.application; includeInIndex = 0; path = MyPageView.app; sourceTree = BUILT_PRODUCTS_DIR; };
		5629D1C4279E9007004529DF /* AppDelegate.swift */ = {isa = PBXFileReference; lastKnownFileType = sourcecode.swift; path = AppDelegate.swift; sourceTree = "<group>"; };
		5629D1C6279E9007004529DF /* SceneDelegate.swift */ = {isa = PBXFileReference; lastKnownFileType = sourcecode.swift; path = SceneDelegate.swift; sourceTree = "<group>"; };
		5629D1C8279E9007004529DF /* MyPageViewController.swift */ = {isa = PBXFileReference; lastKnownFileType = sourcecode.swift; path = MyPageViewController.swift; sourceTree = "<group>"; };
		5629D1CD279E9008004529DF /* Assets.xcassets */ = {isa = PBXFileReference; lastKnownFileType = folder.assetcatalog; path = Assets.xcassets; sourceTree = "<group>"; };
		5629D1D0279E9008004529DF /* Base */ = {isa = PBXFileReference; lastKnownFileType = file.storyboard; name = Base; path = Base.lproj/LaunchScreen.storyboard; sourceTree = "<group>"; };
		5629D1D2279E9008004529DF /* Info.plist */ = {isa = PBXFileReference; lastKnownFileType = text.plist.xml; path = Info.plist; sourceTree = "<group>"; };
		5629D1DE279E911D004529DF /* Coordinator.swift */ = {isa = PBXFileReference; lastKnownFileType = sourcecode.swift; path = Coordinator.swift; sourceTree = "<group>"; };
		5629D1E0279EA176004529DF /* DataTableViewCell.swift */ = {isa = PBXFileReference; lastKnownFileType = sourcecode.swift; path = DataTableViewCell.swift; sourceTree = "<group>"; };
		5629D1E2279EC2EB004529DF /* TopHeader.swift */ = {isa = PBXFileReference; lastKnownFileType = sourcecode.swift; path = TopHeader.swift; sourceTree = "<group>"; };
		5629D1E4279EC3A9004529DF /* DataModel.swift */ = {isa = PBXFileReference; lastKnownFileType = sourcecode.swift; path = DataModel.swift; sourceTree = "<group>"; };
		5629D1E6279EC3D7004529DF /* DataTableViewModel.swift */ = {isa = PBXFileReference; lastKnownFileType = sourcecode.swift; path = DataTableViewModel.swift; sourceTree = "<group>"; };
		5629D1E9279EC83E004529DF /* SectionType.swift */ = {isa = PBXFileReference; lastKnownFileType = sourcecode.swift; path = SectionType.swift; sourceTree = "<group>"; };
		5629D1EB279ECD6F004529DF /* FirstSectionHeader.swift */ = {isa = PBXFileReference; lastKnownFileType = sourcecode.swift; path = FirstSectionHeader.swift; sourceTree = "<group>"; };
		5629D1ED279ECD81004529DF /* SecondSectionHeader.swift */ = {isa = PBXFileReference; lastKnownFileType = sourcecode.swift; path = SecondSectionHeader.swift; sourceTree = "<group>"; };
		5629D1F2279EE74A004529DF /* image.jpg */ = {isa = PBXFileReference; lastKnownFileType = image.jpeg; path = image.jpg; sourceTree = "<group>"; };
/* End PBXFileReference section */

/* Begin PBXFrameworksBuildPhase section */
		5629D1BE279E9007004529DF /* Frameworks */ = {
			isa = PBXFrameworksBuildPhase;
			buildActionMask = 2147483647;
			files = (
			);
			runOnlyForDeploymentPostprocessing = 0;
		};
/* End PBXFrameworksBuildPhase section */

/* Begin PBXGroup section */
		5629D1B8279E9007004529DF = {
			isa = PBXGroup;
			children = (
				5629D1C3279E9007004529DF /* MyPageView */,
				5629D1C2279E9007004529DF /* Products */,
			);
			sourceTree = "<group>";
		};
		5629D1C2279E9007004529DF /* Products */ = {
			isa = PBXGroup;
			children = (
				5629D1C1279E9007004529DF /* MyPageView.app */,
			);
			name = Products;
			sourceTree = "<group>";
		};
		5629D1C3279E9007004529DF /* MyPageView */ = {
			isa = PBXGroup;
			children = (
				5629D1E8279EC82A004529DF /* Enum */,
				5629D1DB279E90A9004529DF /* Coordinator */,
				5629D1DA279E90A4004529DF /* Model */,
				5629D1D9279E90A2004529DF /* VIewModel */,
				5629D1D8279E909F004529DF /* View */,
				5629D1DD279E90C6004529DF /* Cell */,
				5629D1DC279E90C4004529DF /* Controller */,
				5629D1F0279EE459004529DF /* SupportingFile */,
				5629D1EF279EE3B6004529DF /* Resource */,
			);
			path = MyPageView;
			sourceTree = "<group>";
		};
		5629D1D8279E909F004529DF /* View */ = {
			isa = PBXGroup;
			children = (
				5629D1E2279EC2EB004529DF /* TopHeader.swift */,
				5629D1EB279ECD6F004529DF /* FirstSectionHeader.swift */,
				5629D1ED279ECD81004529DF /* SecondSectionHeader.swift */,
			);
			path = View;
			sourceTree = "<group>";
		};
		5629D1D9279E90A2004529DF /* VIewModel */ = {
			isa = PBXGroup;
			children = (
				5629D1E6279EC3D7004529DF /* DataTableViewModel.swift */,
			);
			path = VIewModel;
			sourceTree = "<group>";
		};
		5629D1DA279E90A4004529DF /* Model */ = {
			isa = PBXGroup;
			children = (
				5629D1E4279EC3A9004529DF /* DataModel.swift */,
			);
			path = Model;
			sourceTree = "<group>";
		};
		5629D1DB279E90A9004529DF /* Coordinator */ = {
			isa = PBXGroup;
			children = (
				5629D1DE279E911D004529DF /* Coordinator.swift */,
			);
			path = Coordinator;
			sourceTree = "<group>";
		};
		5629D1DC279E90C4004529DF /* Controller */ = {
			isa = PBXGroup;
			children = (
				5629D1C8279E9007004529DF /* MyPageViewController.swift */,
			);
			path = Controller;
			sourceTree = "<group>";
		};
		5629D1DD279E90C6004529DF /* Cell */ = {
			isa = PBXGroup;
			children = (
				5629D1E0279EA176004529DF /* DataTableViewCell.swift */,
			);
			path = Cell;
			sourceTree = "<group>";
		};
		5629D1E8279EC82A004529DF /* Enum */ = {
			isa = PBXGroup;
			children = (
				5629D1E9279EC83E004529DF /* SectionType.swift */,
			);
			path = Enum;
			sourceTree = "<group>";
		};
		5629D1EF279EE3B6004529DF /* Resource */ = {
			isa = PBXGroup;
			children = (
				5629D1F1279EE733004529DF /* Image */,
				5629D1CD279E9008004529DF /* Assets.xcassets */,
			);
			path = Resource;
			sourceTree = "<group>";
		};
		5629D1F0279EE459004529DF /* SupportingFile */ = {
			isa = PBXGroup;
			children = (
				5629D1C4279E9007004529DF /* AppDelegate.swift */,
				5629D1C6279E9007004529DF /* SceneDelegate.swift */,
				5629D1CF279E9008004529DF /* LaunchScreen.storyboard */,
				5629D1D2279E9008004529DF /* Info.plist */,
			);
			path = SupportingFile;
			sourceTree = "<group>";
		};
		5629D1F1279EE733004529DF /* Image */ = {
			isa = PBXGroup;
			children = (
				5629D1F2279EE74A004529DF /* image.jpg */,
			);
			path = Image;
			sourceTree = "<group>";
		};
/* End PBXGroup section */

/* Begin PBXNativeTarget section */
		5629D1C0279E9007004529DF /* MyPageView */ = {
			isa = PBXNativeTarget;
			buildConfigurationList = 5629D1D5279E9008004529DF /* Build configuration list for PBXNativeTarget "MyPageView" */;
			buildPhases = (
				5629D1BD279E9007004529DF /* Sources */,
				5629D1BE279E9007004529DF /* Frameworks */,
				5629D1BF279E9007004529DF /* Resources */,
			);
			buildRules = (
			);
			dependencies = (
			);
			name = MyPageView;
			productName = MyPageView;
			productReference = 5629D1C1279E9007004529DF /* MyPageView.app */;
			productType = "com.apple.product-type.application";
		};
/* End PBXNativeTarget section */

/* Begin PBXProject section */
		5629D1B9279E9007004529DF /* Project object */ = {
			isa = PBXProject;
			attributes = {
				BuildIndependentTargetsInParallel = 1;
				LastSwiftUpdateCheck = 1310;
				LastUpgradeCheck = 1310;
				TargetAttributes = {
					5629D1C0279E9007004529DF = {
						CreatedOnToolsVersion = 13.1;
					};
				};
			};
			buildConfigurationList = 5629D1BC279E9007004529DF /* Build configuration list for PBXProject "MyPageView" */;
			compatibilityVersion = "Xcode 13.0";
			developmentRegion = en;
			hasScannedForEncodings = 0;
			knownRegions = (
				en,
				Base,
			);
			mainGroup = 5629D1B8279E9007004529DF;
			productRefGroup = 5629D1C2279E9007004529DF /* Products */;
			projectDirPath = "";
			projectRoot = "";
			targets = (
				5629D1C0279E9007004529DF /* MyPageView */,
			);
		};
/* End PBXProject section */

/* Begin PBXResourcesBuildPhase section */
		5629D1BF279E9007004529DF /* Resources */ = {
			isa = PBXResourcesBuildPhase;
			buildActionMask = 2147483647;
			files = (
				5629D1D1279E9008004529DF /* LaunchScreen.storyboard in Resources */,
				5629D1CE279E9008004529DF /* Assets.xcassets in Resources */,
				5629D1F3279EE74A004529DF /* image.jpg in Resources */,
			);
			runOnlyForDeploymentPostprocessing = 0;
		};
/* End PBXResourcesBuildPhase section */

/* Begin PBXSourcesBuildPhase section */
		5629D1BD279E9007004529DF /* Sources */ = {
			isa = PBXSourcesBuildPhase;
			buildActionMask = 2147483647;
			files = (
				5629D1E5279EC3A9004529DF /* DataModel.swift in Sources */,
				5629D1E7279EC3D7004529DF /* DataTableViewModel.swift in Sources */,
				5629D1DF279E911D004529DF /* Coordinator.swift in Sources */,
				5629D1C9279E9007004529DF /* MyPageViewController.swift in Sources */,
				5629D1E1279EA176004529DF /* DataTableViewCell.swift in Sources */,
				5629D1EC279ECD6F004529DF /* FirstSectionHeader.swift in Sources */,
				5629D1EE279ECD81004529DF /* SecondSectionHeader.swift in Sources */,
				5629D1EA279EC83E004529DF /* SectionType.swift in Sources */,
				5629D1C5279E9007004529DF /* AppDelegate.swift in Sources */,
				5629D1E3279EC2EB004529DF /* TopHeader.swift in Sources */,
				5629D1C7279E9007004529DF /* SceneDelegate.swift in Sources */,
			);
			runOnlyForDeploymentPostprocessing = 0;
		};
/* End PBXSourcesBuildPhase section */

/* Begin PBXVariantGroup section */
		5629D1CF279E9008004529DF /* LaunchScreen.storyboard */ = {
			isa = PBXVariantGroup;
			children = (
				5629D1D0279E9008004529DF /* Base */,
			);
			name = LaunchScreen.storyboard;
			sourceTree = "<group>";
		};
/* End PBXVariantGroup section */

/* Begin XCBuildConfiguration section */
		5629D1D3279E9008004529DF /* Debug */ = {
			isa = XCBuildConfiguration;
			buildSettings = {
				ALWAYS_SEARCH_USER_PATHS = NO;
				CLANG_ANALYZER_NONNULL = YES;
				CLANG_ANALYZER_NUMBER_OBJECT_CONVERSION = YES_AGGRESSIVE;
				CLANG_CXX_LANGUAGE_STANDARD = "gnu++17";
				CLANG_CXX_LIBRARY = "libc++";
				CLANG_ENABLE_MODULES = YES;
				CLANG_ENABLE_OBJC_ARC = YES;
				CLANG_ENABLE_OBJC_WEAK = YES;
				CLANG_WARN_BLOCK_CAPTURE_AUTORELEASING = YES;
				CLANG_WARN_BOOL_CONVERSION = YES;
				CLANG_WARN_COMMA = YES;
				CLANG_WARN_CONSTANT_CONVERSION = YES;
				CLANG_WARN_DEPRECATED_OBJC_IMPLEMENTATIONS = YES;
				CLANG_WARN_DIRECT_OBJC_ISA_USAGE = YES_ERROR;
				CLANG_WARN_DOCUMENTATION_COMMENTS = YES;
				CLANG_WARN_EMPTY_BODY = YES;
				CLANG_WARN_ENUM_CONVERSION = YES;
				CLANG_WARN_INFINITE_RECURSION = YES;
				CLANG_WARN_INT_CONVERSION = YES;
				CLANG_WARN_NON_LITERAL_NULL_CONVERSION = YES;
				CLANG_WARN_OBJC_IMPLICIT_RETAIN_SELF = YES;
				CLANG_WARN_OBJC_LITERAL_CONVERSION = YES;
				CLANG_WARN_OBJC_ROOT_CLASS = YES_ERROR;
				CLANG_WARN_QUOTED_INCLUDE_IN_FRAMEWORK_HEADER = YES;
				CLANG_WARN_RANGE_LOOP_ANALYSIS = YES;
				CLANG_WARN_STRICT_PROTOTYPES = YES;
				CLANG_WARN_SUSPICIOUS_MOVE = YES;
				CLANG_WARN_UNGUARDED_AVAILABILITY = YES_AGGRESSIVE;
				CLANG_WARN_UNREACHABLE_CODE = YES;
				CLANG_WARN__DUPLICATE_METHOD_MATCH = YES;
				COPY_PHASE_STRIP = NO;
				DEBUG_INFORMATION_FORMAT = dwarf;
				ENABLE_STRICT_OBJC_MSGSEND = YES;
				ENABLE_TESTABILITY = YES;
				GCC_C_LANGUAGE_STANDARD = gnu11;
				GCC_DYNAMIC_NO_PIC = NO;
				GCC_NO_COMMON_BLOCKS = YES;
				GCC_OPTIMIZATION_LEVEL = 0;
				GCC_PREPROCESSOR_DEFINITIONS = (
					"DEBUG=1",
					"$(inherited)",
				);
				GCC_WARN_64_TO_32_BIT_CONVERSION = YES;
				GCC_WARN_ABOUT_RETURN_TYPE = YES_ERROR;
				GCC_WARN_UNDECLARED_SELECTOR = YES;
				GCC_WARN_UNINITIALIZED_AUTOS = YES_AGGRESSIVE;
				GCC_WARN_UNUSED_FUNCTION = YES;
				GCC_WARN_UNUSED_VARIABLE = YES;
				IPHONEOS_DEPLOYMENT_TARGET = 15.0;
				MTL_ENABLE_DEBUG_INFO = INCLUDE_SOURCE;
				MTL_FAST_MATH = YES;
				ONLY_ACTIVE_ARCH = YES;
				SDKROOT = iphoneos;
				SWIFT_ACTIVE_COMPILATION_CONDITIONS = DEBUG;
				SWIFT_OPTIMIZATION_LEVEL = "-Onone";
			};
			name = Debug;
		};
		5629D1D4279E9008004529DF /* Release */ = {
			isa = XCBuildConfiguration;
			buildSettings = {
				ALWAYS_SEARCH_USER_PATHS = NO;
				CLANG_ANALYZER_NONNULL = YES;
				CLANG_ANALYZER_NUMBER_OBJECT_CONVERSION = YES_AGGRESSIVE;
				CLANG_CXX_LANGUAGE_STANDARD = "gnu++17";
				CLANG_CXX_LIBRARY = "libc++";
				CLANG_ENABLE_MODULES = YES;
				CLANG_ENABLE_OBJC_ARC = YES;
				CLANG_ENABLE_OBJC_WEAK = YES;
				CLANG_WARN_BLOCK_CAPTURE_AUTORELEASING = YES;
				CLANG_WARN_BOOL_CONVERSION = YES;
				CLANG_WARN_COMMA = YES;
				CLANG_WARN_CONSTANT_CONVERSION = YES;
				CLANG_WARN_DEPRECATED_OBJC_IMPLEMENTATIONS = YES;
				CLANG_WARN_DIRECT_OBJC_ISA_USAGE = YES_ERROR;
				CLANG_WARN_DOCUMENTATION_COMMENTS = YES;
				CLANG_WARN_EMPTY_BODY = YES;
				CLANG_WARN_ENUM_CONVERSION = YES;
				CLANG_WARN_INFINITE_RECURSION = YES;
				CLANG_WARN_INT_CONVERSION = YES;
				CLANG_WARN_NON_LITERAL_NULL_CONVERSION = YES;
				CLANG_WARN_OBJC_IMPLICIT_RETAIN_SELF = YES;
				CLANG_WARN_OBJC_LITERAL_CONVERSION = YES;
				CLANG_WARN_OBJC_ROOT_CLASS = YES_ERROR;
				CLANG_WARN_QUOTED_INCLUDE_IN_FRAMEWORK_HEADER = YES;
				CLANG_WARN_RANGE_LOOP_ANALYSIS = YES;
				CLANG_WARN_STRICT_PROTOTYPES = YES;
				CLANG_WARN_SUSPICIOUS_MOVE = YES;
				CLANG_WARN_UNGUARDED_AVAILABILITY = YES_AGGRESSIVE;
				CLANG_WARN_UNREACHABLE_CODE = YES;
				CLANG_WARN__DUPLICATE_METHOD_MATCH = YES;
				COPY_PHASE_STRIP = NO;
				DEBUG_INFORMATION_FORMAT = "dwarf-with-dsym";
				ENABLE_NS_ASSERTIONS = NO;
				ENABLE_STRICT_OBJC_MSGSEND = YES;
				GCC_C_LANGUAGE_STANDARD = gnu11;
				GCC_NO_COMMON_BLOCKS = YES;
				GCC_WARN_64_TO_32_BIT_CONVERSION = YES;
				GCC_WARN_ABOUT_RETURN_TYPE = YES_ERROR;
				GCC_WARN_UNDECLARED_SELECTOR = YES;
				GCC_WARN_UNINITIALIZED_AUTOS = YES_AGGRESSIVE;
				GCC_WARN_UNUSED_FUNCTION = YES;
				GCC_WARN_UNUSED_VARIABLE = YES;
				IPHONEOS_DEPLOYMENT_TARGET = 15.0;
				MTL_ENABLE_DEBUG_INFO = NO;
				MTL_FAST_MATH = YES;
				SDKROOT = iphoneos;
				SWIFT_COMPILATION_MODE = wholemodule;
				SWIFT_OPTIMIZATION_LEVEL = "-O";
				VALIDATE_PRODUCT = YES;
			};
			name = Release;
		};
		5629D1D6279E9008004529DF /* Debug */ = {
			isa = XCBuildConfiguration;
			buildSettings = {
				ASSETCATALOG_COMPILER_APPICON_NAME = AppIcon;
				ASSETCATALOG_COMPILER_GLOBAL_ACCENT_COLOR_NAME = AccentColor;
				CODE_SIGN_STYLE = Automatic;
				CURRENT_PROJECT_VERSION = 1;
				GENERATE_INFOPLIST_FILE = YES;
				INFOPLIST_FILE = MyPageView/SupportingFile/Info.plist;
				INFOPLIST_KEY_UIApplicationSupportsIndirectInputEvents = YES;
				INFOPLIST_KEY_UILaunchStoryboardName = LaunchScreen;
				INFOPLIST_KEY_UISupportedInterfaceOrientations_iPad = "UIInterfaceOrientationPortrait UIInterfaceOrientationPortraitUpsideDown UIInterfaceOrientationLandscapeLeft UIInterfaceOrientationLandscapeRight";
				INFOPLIST_KEY_UISupportedInterfaceOrientations_iPhone = "UIInterfaceOrientationPortrait UIInterfaceOrientationLandscapeLeft UIInterfaceOrientationLandscapeRight";
				LD_RUNPATH_SEARCH_PATHS = (
					"$(inherited)",
					"@executable_path/Frameworks",
				);
				MARKETING_VERSION = 1.0;
				PRODUCT_BUNDLE_IDENTIFIER = seungmin.MyPageView;
				PRODUCT_NAME = "$(TARGET_NAME)";
				SWIFT_EMIT_LOC_STRINGS = YES;
				SWIFT_VERSION = 5.0;
				TARGETED_DEVICE_FAMILY = "1,2";
			};
			name = Debug;
		};
		5629D1D7279E9008004529DF /* Release */ = {
			isa = XCBuildConfiguration;
			buildSettings = {
				ASSETCATALOG_COMPILER_APPICON_NAME = AppIcon;
				ASSETCATALOG_COMPILER_GLOBAL_ACCENT_COLOR_NAME = AccentColor;
				CODE_SIGN_STYLE = Automatic;
				CURRENT_PROJECT_VERSION = 1;
				GENERATE_INFOPLIST_FILE = YES;
				INFOPLIST_FILE = MyPageView/SupportingFile/Info.plist;
				INFOPLIST_KEY_UIApplicationSupportsIndirectInputEvents = YES;
				INFOPLIST_KEY_UILaunchStoryboardName = LaunchScreen;
				INFOPLIST_KEY_UISupportedInterfaceOrientations_iPad = "UIInterfaceOrientationPortrait UIInterfaceOrientationPortraitUpsideDown UIInterfaceOrientationLandscapeLeft UIInterfaceOrientationLandscapeRight";
				INFOPLIST_KEY_UISupportedInterfaceOrientations_iPhone = "UIInterfaceOrientationPortrait UIInterfaceOrientationLandscapeLeft UIInterfaceOrientationLandscapeRight";
				LD_RUNPATH_SEARCH_PATHS = (
					"$(inherited)",
					"@executable_path/Frameworks",
				);
				MARKETING_VERSION = 1.0;
				PRODUCT_BUNDLE_IDENTIFIER = seungmin.MyPageView;
				PRODUCT_NAME = "$(TARGET_NAME)";
				SWIFT_EMIT_LOC_STRINGS = YES;
				SWIFT_VERSION = 5.0;
				TARGETED_DEVICE_FAMILY = "1,2";
			};
			name = Release;
		};
/* End XCBuildConfiguration section */

/* Begin XCConfigurationList section */
		5629D1BC279E9007004529DF /* Build configuration list for PBXProject "MyPageView" */ = {
			isa = XCConfigurationList;
			buildConfigurations = (
				5629D1D3279E9008004529DF /* Debug */,
				5629D1D4279E9008004529DF /* Release */,
			);
			defaultConfigurationIsVisible = 0;
			defaultConfigurationName = Release;
		};
		5629D1D5279E9008004529DF /* Build configuration list for PBXNativeTarget "MyPageView" */ = {
			isa = XCConfigurationList;
			buildConfigurations = (
				5629D1D6279E9008004529DF /* Debug */,
				5629D1D7279E9008004529DF /* Release */,
			);
			defaultConfigurationIsVisible = 0;
			defaultConfigurationName = Release;
		};
/* End XCConfigurationList section */
	};
	rootObject = 5629D1B9279E9007004529DF /* Project object */;
}
